Microsoft Visual Studio Solution File, Format Version 12.00
# Visual Studio Version 17
VisualStudioVersion = 17.5.2.0
MinimumVisualStudioVersion = 10.0.40219.1
Project("{FAE04EC0-301F-11D3-BF4B-00C04F79EFBC}") = "gandt.infrastructure.components.ingress-dns", "ingress-dns\gandt.infrastructure.components.ingress-dns.csproj", "{A362C7DB-D80D-A64E-32EB-09CBB7652ADC}"
EndProject
Global
	GlobalSection(SolutionConfigurationPlatforms) = preSolution
		Debug|Any CPU = Debug|Any CPU
		Release|Any CPU = Release|Any CPU
	EndGlobalSection
	GlobalSection(ProjectConfigurationPlatforms) = postSolution
		{A362C7DB-D80D-A64E-32EB-09CBB7652ADC}.Debug|Any CPU.ActiveCfg = Debug|Any CPU
		{A362C7DB-D80D-A64E-32EB-09CBB7652ADC}.Debug|Any CPU.Build.0 = Debug|Any CPU
		{A362C7DB-D80D-A64E-32EB-09CBB7652ADC}.Release|Any CPU.ActiveCfg = Release|Any CPU
		{A362C7DB-D80D-A64E-32EB-09CBB7652ADC}.Release|Any CPU.Build.0 = Release|Any CPU
	EndGlobalSection
	GlobalSection(SolutionProperties) = preSolution
		HideSolutionNode = FALSE
	EndGlobalSection
	GlobalSection(ExtensibilityGlobals) = postSolution
		SolutionGuid = {89375CE3-E09D-462A-B9DA-F50CA51DD509}
	EndGlobalSection
EndGlobal
